# THIS IS AN AUTOGENERATED FILE. DO NOT EDIT THIS FILE DIRECTLY.
# yarn lockfile v1


emailjs@^4.0.3:
  version "4.0.3"
  resolved "https://registry.yarnpkg.com/emailjs/-/emailjs-4.0.3.tgz#ea0a3bc67a9fa4f489cda739691b4644c5a48b75"
  integrity sha512-1CDXoE3FxkSg7QRTlLsDCYG9elFNu/JQsYWu3Xfrk77ubbg5zYgFGg+JRUKQJ56mceM8o3rHHX0VB4wo9XsyLQ==
